
Microsoft Visual Studio Solution File, Format Version 12.00
# Visual Studio 15
VisualStudioVersion = 15.0.28307.329
MinimumVisualStudioVersion = 10.0.40219.1
Project("{FAE04EC0-301F-11D3-BF4B-00C04F79EFBC}") = "CSHARPSAMPLES", "CSHARPSAMPLES\CSHARPSAMPLES.csproj", "{71F8E830-01C0-4ED1-8085-EB683A530212}"
EndProject
Project("{FAE04EC0-301F-11D3-BF4B-00C04F79EFBC}") = "Lambda", "Lambda\Lambda.csproj", "{B9481D3B-5C80-4163-ACEB-CABDA7B4BC13}"
EndProject
Global
	GlobalSection(SolutionConfigurationPlatforms) = preSolution
		Debug|Any CPU = Debug|Any CPU
		Release|Any CPU = Release|Any CPU
	EndGlobalSection
	GlobalSection(ProjectConfigurationPlatforms) = postSolution
		{71F8E830-01C0-4ED1-8085-EB683A530212}.Debug|Any CPU.ActiveCfg = Debug|Any CPU
		{71F8E830-01C0-4ED1-8085-EB683A530212}.Debug|Any CPU.Build.0 = Debug|Any CPU
		{71F8E830-01C0-4ED1-8085-EB683A530212}.Release|Any CPU.ActiveCfg = Release|Any CPU
		{71F8E830-01C0-4ED1-8085-EB683A530212}.Release|Any CPU.Build.0 = Release|Any CPU
		{B9481D3B-5C80-4163-ACEB-CABDA7B4BC13}.Debug|Any CPU.ActiveCfg = Debug|Any CPU
		{B9481D3B-5C80-4163-ACEB-CABDA7B4BC13}.Debug|Any CPU.Build.0 = Debug|Any CPU
		{B9481D3B-5C80-4163-ACEB-CABDA7B4BC13}.Release|Any CPU.ActiveCfg = Release|Any CPU
		{B9481D3B-5C80-4163-ACEB-CABDA7B4BC13}.Release|Any CPU.Build.0 = Release|Any CPU
	EndGlobalSection
	GlobalSection(SolutionProperties) = preSolution
		HideSolutionNode = FALSE
	EndGlobalSection
	GlobalSection(ExtensibilityGlobals) = postSolution
		SolutionGuid = {1B4E0D44-3F0A-405F-901E-8F23A2592FEA}
	EndGlobalSection
EndGlobal
